
Microsoft Visual Studio Solution File, Format Version 12.00
# Visual Studio 2012
Project("{E24C65DC-7377-472B-9ABA-BC803B73C61A}") = "Biblioteca", "http://localhost:1283", "{8A6F9B57-1E6A-49DF-A5CA-932C91E6C9F0}"
	ProjectSection(WebsiteProperties) = preProject
		UseIISExpress = "true"
		TargetFrameworkMoniker = ".NETFramework,Version%3Dv4.5"
		Debug.AspNetCompiler.VirtualPath = "/localhost_1283"
		Debug.AspNetCompiler.PhysicalPath = "..\..\WebSites\Biblioteca\"
		Debug.AspNetCompiler.TargetPath = "PrecompiledWeb\localhost_1283\"
		Debug.AspNetCompiler.Updateable = "true"
		Debug.AspNetCompiler.ForceOverwrite = "true"
		Debug.AspNetCompiler.FixedNames = "false"
		Debug.AspNetCompiler.Debug = "True"
		Release.AspNetCompiler.VirtualPath = "/localhost_1283"
		Release.AspNetCompiler.PhysicalPath = "..\..\WebSites\Biblioteca\"
		Release.AspNetCompiler.TargetPath = "PrecompiledWeb\localhost_1283\"
		Release.AspNetCompiler.Updateable = "true"
		Release.AspNetCompiler.ForceOverwrite = "true"
		Release.AspNetCompiler.FixedNames = "false"
		Release.AspNetCompiler.Debug = "False"
		SlnRelativePath = "..\..\WebSites\Biblioteca\"
		DefaultWebSiteLanguage = "Visual C#"
	EndProjectSection
EndProject
Global
	GlobalSection(SolutionConfigurationPlatforms) = preSolution
		Debug|Any CPU = Debug|Any CPU
	EndGlobalSection
	GlobalSection(ProjectConfigurationPlatforms) = postSolution
		{8A6F9B57-1E6A-49DF-A5CA-932C91E6C9F0}.Debug|Any CPU.ActiveCfg = Debug|Any CPU
		{8A6F9B57-1E6A-49DF-A5CA-932C91E6C9F0}.Debug|Any CPU.Build.0 = Debug|Any CPU
	EndGlobalSection
	GlobalSection(SolutionProperties) = preSolution
		HideSolutionNode = FALSE
	EndGlobalSection
EndGlobal
